
Microsoft Visual Studio Solution File, Format Version 12.00
# Visual Studio Version 17
VisualStudioVersion = 17.4.33122.133
MinimumVisualStudioVersion = 10.0.40219.1
Project("{FAE04EC0-301F-11D3-BF4B-00C04F79EFBC}") = "Predavanje OOP", "Predavanje OOP\Predavanje OOP.csproj", "{F29B108F-3B18-4B77-B2EB-A873DE3A6FFD}"
EndProject
Global
	GlobalSection(SolutionConfigurationPlatforms) = preSolution
		Debug|Any CPU = Debug|Any CPU
		Release|Any CPU = Release|Any CPU
	EndGlobalSection
	GlobalSection(ProjectConfigurationPlatforms) = postSolution
		{F29B108F-3B18-4B77-B2EB-A873DE3A6FFD}.Debug|Any CPU.ActiveCfg = Debug|Any CPU
		{F29B108F-3B18-4B77-B2EB-A873DE3A6FFD}.Debug|Any CPU.Build.0 = Debug|Any CPU
		{F29B108F-3B18-4B77-B2EB-A873DE3A6FFD}.Release|Any CPU.ActiveCfg = Release|Any CPU
		{F29B108F-3B18-4B77-B2EB-A873DE3A6FFD}.Release|Any CPU.Build.0 = Release|Any CPU
	EndGlobalSection
	GlobalSection(SolutionProperties) = preSolution
		HideSolutionNode = FALSE
	EndGlobalSection
	GlobalSection(ExtensibilityGlobals) = postSolution
		SolutionGuid = {BDAA704C-7B4F-4F3D-8D73-064B8FE041EE}
	EndGlobalSection
EndGlobal
